// !$*UTF8*$!
{
	archiveVersion = 1;
	classes = {
	};
	objectVersion = 46;
	objects = {

/* Begin PBXBuildFile section */
		70AF34C01F11350B00C92C49 /* AppDelegate.swift in Sources */ = {isa = PBXBuildFile; fileRef = 70AF34BF1F11350B00C92C49 /* AppDelegate.swift */; };
		70AF34C21F11350B00C92C49 /* ViewController.swift in Sources */ = {isa = PBXBuildFile; fileRef = 70AF34C11F11350B00C92C49 /* ViewController.swift */; };
		70AF34C51F11350B00C92C49 /* Main.storyboard in Resources */ = {isa = PBXBuildFile; fileRef = 70AF34C31F11350B00C92C49 /* Main.storyboard */; };
		70AF34C71F11350B00C92C49 /* Assets.xcassets in Resources */ = {isa = PBXBuildFile; fileRef = 70AF34C61F11350B00C92C49 /* Assets.xcassets */; };
		70AF34CA1F11350B00C92C49 /* LaunchScreen.storyboard in Resources */ = {isa = PBXBuildFile; fileRef = 70AF34C81F11350B00C92C49 /* LaunchScreen.storyboard */; };
/* End PBXBuildFile section */

/* Begin PBXFileReference section */
		70AF34BC1F11350B00C92C49 /* MyPets.app */ = {isa = PBXFileReference; explicitFileType = wrapper.application; includeInIndex = 0; path = MyPets.app; sourceTree = BUILT_PRODUCTS_DIR; };
		70AF34BF1F11350B00C92C49 /* AppDelegate.swift */ = {isa = PBXFileReference; lastKnownFileType = sourcecode.swift; path = AppDelegate.swift; sourceTree = "<group>"; };
		70AF34C11F11350B00C92C49 /* ViewController.swift */ = {isa = PBXFileReference; lastKnownFileType = sourcecode.swift; path = ViewController.swift; sourceTree = "<group>"; };
		70AF34C41F11350B00C92C49 /* Base */ = {isa = PBXFileReference; lastKnownFileType = file.storyboard; name = Base; path = Base.lproj/Main.storyboard; sourceTree = "<group>"; };
		70AF34C61F11350B00C92C49 /* Assets.xcassets */ = {isa = PBXFileReference; lastKnownFileType = folder.assetcatalog; path = Assets.xcassets; sourceTree = "<group>"; };
		70AF34C91F11350B00C92C49 /* Base */ = {isa = PBXFileReference; lastKnownFileType = file.storyboard; name = Base; path = Base.lproj/LaunchScreen.storyboard; sourceTree = "<group>"; };
		70AF34CB1F11350B00C92C49 /* Info.plist */ = {isa = PBXFileReference; lastKnownFileType = text.plist.xml; path = Info.plist; sourceTree = "<group>"; };
/* End PBXFileReference section */

/* Begin PBXFrameworksBuildPhase section */
		70AF34B91F11350B00C92C49 /* Frameworks */ = {
			isa = PBXFrameworksBuildPhase;
			buildActionMask = 2147483647;
			files = (
			);
			runOnlyForDeploymentPostprocessing = 0;
		};
/* End PBXFrameworksBuildPhase section */

/* Begin PBXGroup section */
		70AF34B31F11350B00C92C49 = {
			isa = PBXGroup;
			children = (
				70AF34BE1F11350B00C92C49 /* MyPets */,
				70AF34BD1F11350B00C92C49 /* Products */,
			);
			sourceTree = "<group>";
		};
		70AF34BD1F11350B00C92C49 /* Products */ = {
			isa = PBXGroup;
			children = (
				70AF34BC1F11350B00C92C49 /* MyPets.app */,
			);
			name = Products;
			sourceTree = "<group>";
		};
		70AF34BE1F11350B00C92C49 /* MyPets */ = {
			isa = PBXGroup;
			children = (
				70AF34BF1F11350B00C92C49 /* AppDelegate.swift */,
				70AF34C11F11350B00C92C49 /* ViewController.swift */,
				70AF34C31F11350B00C92C49 /* Main.storyboard */,
				70AF34C61F11350B00C92C49 /* Assets.xcassets */,
				70AF34C81F11350B00C92C49 /* LaunchScreen.storyboard */,
				70AF34CB1F11350B00C92C49 /* Info.plist */,
			);
			path = MyPets;
			sourceTree = "<group>";
		};
/* End PBXGroup section */

/* Begin PBXNativeTarget section */
		70AF34BB1F11350B00C92C49 /* MyPets */ = {
			isa = PBXNativeTarget;
			buildConfigurationList = 70AF34CE1F11350B00C92C49 /* Build configuration list for PBXNativeTarget "MyPets" */;
			buildPhases = (
				70AF34B81F11350B00C92C49 /* Sources */,
				70AF34B91F11350B00C92C49 /* Frameworks */,
				70AF34BA1F11350B00C92C49 /* Resources */,
			);
			buildRules = (
			);
			dependencies = (
			);
			name = MyPets;
			productName = MyPets;
			productReference = 70AF34BC1F11350B00C92C49 /* MyPets.app */;
			productType = "com.apple.product-type.application";
		};
/* End PBXNativeTarget section */

/* Begin PBXProject section */
		70AF34B41F11350B00C92C49 /* Project object */ = {
			isa = PBXProject;
			attributes = {
				LastSwiftUpdateCheck = 0830;
				LastUpgradeCheck = 0830;
				ORGANIZATIONNAME = Ade;
				TargetAttributes = {
					70AF34BB1F11350B00C92C49 = {
						CreatedOnToolsVersion = 8.3.2;
						ProvisioningStyle = Automatic;
					};
				};
			};
			buildConfigurationList = 70AF34B71F11350B00C92C49 /* Build configuration list for PBXProject "MyPets" */;
			compatibilityVersion = "Xcode 3.2";
			developmentRegion = English;
			hasScannedForEncodings = 0;
			knownRegions = (
				en,
				Base,
			);
			mainGroup = 70AF34B31F11350B00C92C49;
			productRefGroup = 70AF34BD1F11350B00C92C49 /* Products */;
			projectDirPath = "";
			projectRoot = "";
			targets = (
				70AF34BB1F11350B00C92C49 /* MyPets */,
			);
		};
/* End PBXProject section */

/* Begin PBXResourcesBuildPhase section */
		70AF34BA1F11350B00C92C49 /* Resources */ = {
			isa = PBXResourcesBuildPhase;
			buildActionMask = 2147483647;
			files = (
				70AF34CA1F11350B00C92C49 /* LaunchScreen.storyboard in Resources */,
				70AF34C71F11350B00C92C49 /* Assets.xcassets in Resources */,
				70AF34C51F11350B00C92C49 /* Main.storyboard in Resources */,
			);
			runOnlyForDeploymentPostprocessing = 0;
		};
/* End PBXResourcesBuildPhase section */

/* Begin PBXSourcesBuildPhase section */
		70AF34B81F11350B00C92C49 /* Sources */ = {
			isa = PBXSourcesBuildPhase;
			buildActionMask = 2147483647;
			files = (
				70AF34C21F11350B00C92C49 /* ViewController.swift in Sources */,
				70AF34C01F11350B00C92C49 /* AppDelegate.swift in Sources */,
			);
			runOnlyForDeploymentPostprocessing = 0;
		};
/* End PBXSourcesBuildPhase section */

/* Begin PBXVariantGroup section */
		70AF34C31F11350B00C92C49 /* Main.storyboard */ = {
			isa = PBXVariantGroup;
			children = (
				70AF34C41F11350B00C92C49 /* Base */,
			);
			name = Main.storyboard;
			sourceTree = "<group>";
		};
		70AF34C81F11350B00C92C49 /* LaunchScreen.storyboard */ = {
			isa = PBXVariantGroup;
			children = (
				70AF34C91F11350B00C92C49 /* Base */,
			);
			name = LaunchScreen.storyboard;
			sourceTree = "<group>";
		};
/* End PBXVariantGroup section */

/* Begin XCBuildConfiguration section */
		70AF34CC1F11350B00C92C49 /* Debug */ = {
			isa = XCBuildConfiguration;
			buildSettings = {
				ALWAYS_SEARCH_USER_PATHS = NO;
				CLANG_ANALYZER_NONNULL = YES;
				CLANG_ANALYZER_NUMBER_OBJECT_CONVERSION = YES_AGGRESSIVE;
				CLANG_CXX_LANGUAGE_STANDARD = "gnu++0x";
				CLANG_CXX_LIBRARY = "libc++";
				CLANG_ENABLE_MODULES = YES;
				CLANG_ENABLE_OBJC_ARC = YES;
				CLANG_WARN_BOOL_CONVERSION = YES;
				CLANG_WARN_CONSTANT_CONVERSION = YES;
				CLANG_WARN_DIRECT_OBJC_ISA_USAGE = YES_ERROR;
				CLANG_WARN_DOCUMENTATION_COMMENTS = YES;
				CLANG_WARN_EMPTY_BODY = YES;
				CLANG_WARN_ENUM_CONVERSION = YES;
				CLANG_WARN_INFINITE_RECURSION = YES;
				CLANG_WARN_INT_CONVERSION = YES;
				CLANG_WARN_OBJC_ROOT_CLASS = YES_ERROR;
				CLANG_WARN_SUSPICIOUS_MOVE = YES;
				CLANG_WARN_UNREACHABLE_CODE = YES;
				CLANG_WARN__DUPLICATE_METHOD_MATCH = YES;
				"CODE_SIGN_IDENTITY[sdk=iphoneos*]" = "iPhone Developer";
				COPY_PHASE_STRIP = NO;
				DEBUG_INFORMATION_FORMAT = dwarf;
				ENABLE_STRICT_OBJC_MSGSEND = YES;
				ENABLE_TESTABILITY = YES;
				GCC_C_LANGUAGE_STANDARD = gnu99;
				GCC_DYNAMIC_NO_PIC = NO;
				GCC_NO_COMMON_BLOCKS = YES;
				GCC_OPTIMIZATION_LEVEL = 0;
				GCC_PREPROCESSOR_DEFINITIONS = (
					"DEBUG=1",
					"$(inherited)",
				);
				GCC_WARN_64_TO_32_BIT_CONVERSION = YES;
				GCC_WARN_ABOUT_RETURN_TYPE = YES_ERROR;
				GCC_WARN_UNDECLARED_SELECTOR = YES;
				GCC_WARN_UNINITIALIZED_AUTOS = YES_AGGRESSIVE;
				GCC_WARN_UNUSED_FUNCTION = YES;
				GCC_WARN_UNUSED_VARIABLE = YES;
				IPHONEOS_DEPLOYMENT_TARGET = 10.3;
				MTL_ENABLE_DEBUG_INFO = YES;
				ONLY_ACTIVE_ARCH = YES;
				SDKROOT = iphoneos;
				SWIFT_ACTIVE_COMPILATION_CONDITIONS = DEBUG;
				SWIFT_OPTIMIZATION_LEVEL = "-Onone";
				TARGETED_DEVICE_FAMILY = "1,2";
			};
			name = Debug;
		};
		70AF34CD1F11350B00C92C49 /* Release */ = {
			isa = XCBuildConfiguration;
			buildSettings = {
				ALWAYS_SEARCH_USER_PATHS = NO;
				CLANG_ANALYZER_NONNULL = YES;
				CLANG_ANALYZER_NUMBER_OBJECT_CONVERSION = YES_AGGRESSIVE;
				CLANG_CXX_LANGUAGE_STANDARD = "gnu++0x";
				CLANG_CXX_LIBRARY = "libc++";
				CLANG_ENABLE_MODULES = YES;
				CLANG_ENABLE_OBJC_ARC = YES;
				CLANG_WARN_BOOL_CONVERSION = YES;
				CLANG_WARN_CONSTANT_CONVERSION = YES;
				CLANG_WARN_DIRECT_OBJC_ISA_USAGE = YES_ERROR;
				CLANG_WARN_DOCUMENTATION_COMMENTS = YES;
				CLANG_WARN_EMPTY_BODY = YES;
				CLANG_WARN_ENUM_CONVERSION = YES;
				CLANG_WARN_INFINITE_RECURSION = YES;
				CLANG_WARN_INT_CONVERSION = YES;
				CLANG_WARN_OBJC_ROOT_CLASS = YES_ERROR;
				CLANG_WARN_SUSPICIOUS_MOVE = YES;
				CLANG_WARN_UNREACHABLE_CODE = YES;
				CLANG_WARN__DUPLICATE_METHOD_MATCH = YES;
				"CODE_SIGN_IDENTITY[sdk=iphoneos*]" = "iPhone Developer";
				COPY_PHASE_STRIP = NO;
				DEBUG_INFORMATION_FORMAT = "dwarf-with-dsym";
				ENABLE_NS_ASSERTIONS = NO;
				ENABLE_STRICT_OBJC_MSGSEND = YES;
				GCC_C_LANGUAGE_STANDARD = gnu99;
				GCC_NO_COMMON_BLOCKS = YES;
				GCC_WARN_64_TO_32_BIT_CONVERSION = YES;
				GCC_WARN_ABOUT_RETURN_TYPE = YES_ERROR;
				GCC_WARN_UNDECLARED_SELECTOR = YES;
				GCC_WARN_UNINITIALIZED_AUTOS = YES_AGGRESSIVE;
				GCC_WARN_UNUSED_FUNCTION = YES;
				GCC_WARN_UNUSED_VARIABLE = YES;
				IPHONEOS_DEPLOYMENT_TARGET = 10.3;
				MTL_ENABLE_DEBUG_INFO = NO;
				SDKROOT = iphoneos;
				SWIFT_OPTIMIZATION_LEVEL = "-Owholemodule";
				TARGETED_DEVICE_FAMILY = "1,2";
				VALIDATE_PRODUCT = YES;
			};
			name = Release;
		};
		70AF34CF1F11350B00C92C49 /* Debug */ = {
			isa = XCBuildConfiguration;
			buildSettings = {
				ASSETCATALOG_COMPILER_APPICON_NAME = AppIcon;
				INFOPLIST_FILE = MyPets/Info.plist;
				LD_RUNPATH_SEARCH_PATHS = "$(inherited) @executable_path/Frameworks";
				PRODUCT_BUNDLE_IDENTIFIER = milab.MyPets;
				PRODUCT_NAME = "$(TARGET_NAME)";
				SWIFT_VERSION = 3.0;
			};
			name = Debug;
		};
		70AF34D01F11350B00C92C49 /* Release */ = {
			isa = XCBuildConfiguration;
			buildSettings = {
				ASSETCATALOG_COMPILER_APPICON_NAME = AppIcon;
				INFOPLIST_FILE = MyPets/Info.plist;
				LD_RUNPATH_SEARCH_PATHS = "$(inherited) @executable_path/Frameworks";
				PRODUCT_BUNDLE_IDENTIFIER = milab.MyPets;
				PRODUCT_NAME = "$(TARGET_NAME)";
				SWIFT_VERSION = 3.0;
			};
			name = Release;
		};
/* End XCBuildConfiguration section */

/* Begin XCConfigurationList section */
		70AF34B71F11350B00C92C49 /* Build configuration list for PBXProject "MyPets" */ = {
			isa = XCConfigurationList;
			buildConfigurations = (
				70AF34CC1F11350B00C92C49 /* Debug */,
				70AF34CD1F11350B00C92C49 /* Release */,
			);
			defaultConfigurationIsVisible = 0;
			defaultConfigurationName = Release;
		};
		70AF34CE1F11350B00C92C49 /* Build configuration list for PBXNativeTarget "MyPets" */ = {
			isa = XCConfigurationList;
			buildConfigurations = (
				70AF34CF1F11350B00C92C49 /* Debug */,
				70AF34D01F11350B00C92C49 /* Release */,
			);
			defaultConfigurationIsVisible = 0;
		};
/* End XCConfigurationList section */
	};
	rootObject = 70AF34B41F11350B00C92C49 /* Project object */;
}
